
Microsoft Visual Studio Solution File, Format Version 12.00
# Visual Studio Version 17
VisualStudioVersion = 17.0.31903.59
MinimumVisualStudioVersion = 10.0.40219.1
Project("{FAE04EC0-301F-11D3-BF4B-00C04F79EFBC}") = "Crystal", "Crystal\Crystal.csproj", "{3C775B9E-9D2A-442E-B6AB-7283D7DCA0EB}"
EndProject
Global
	GlobalSection(SolutionConfigurationPlatforms) = preSolution
		Debug|Any CPU = Debug|Any CPU
		Release|Any CPU = Release|Any CPU
	EndGlobalSection
	GlobalSection(ProjectConfigurationPlatforms) = postSolution
		{3C775B9E-9D2A-442E-B6AB-7283D7DCA0EB}.Debug|Any CPU.ActiveCfg = Debug|Any CPU
		{3C775B9E-9D2A-442E-B6AB-7283D7DCA0EB}.Debug|Any CPU.Build.0 = Debug|Any CPU
		{3C775B9E-9D2A-442E-B6AB-7283D7DCA0EB}.Release|Any CPU.ActiveCfg = Release|Any CPU
		{3C775B9E-9D2A-442E-B6AB-7283D7DCA0EB}.Release|Any CPU.Build.0 = Release|Any CPU
	EndGlobalSection
	GlobalSection(SolutionProperties) = preSolution
		HideSolutionNode = FALSE
	EndGlobalSection
EndGlobal
